// !$*UTF8*$!
{
	archiveVersion = 1;
	classes = {
	};
	objectVersion = 48;
	objects = {

/* Begin PBXBuildFile section */
		387728AF1F4D84840026BCD9 /* AppDelegate.swift in Sources */ = {isa = PBXBuildFile; fileRef = 387728AE1F4D84840026BCD9 /* AppDelegate.swift */; };
		387728B11F4D84840026BCD9 /* Scene.sks in Resources */ = {isa = PBXBuildFile; fileRef = 387728B01F4D84840026BCD9 /* Scene.sks */; };
		387728B31F4D84840026BCD9 /* Scene.swift in Sources */ = {isa = PBXBuildFile; fileRef = 387728B21F4D84840026BCD9 /* Scene.swift */; };
		387728B51F4D84840026BCD9 /* ViewController.swift in Sources */ = {isa = PBXBuildFile; fileRef = 387728B41F4D84840026BCD9 /* ViewController.swift */; };
		387728B81F4D84840026BCD9 /* Main.storyboard in Resources */ = {isa = PBXBuildFile; fileRef = 387728B61F4D84840026BCD9 /* Main.storyboard */; };
		387728BA1F4D84840026BCD9 /* Assets.xcassets in Resources */ = {isa = PBXBuildFile; fileRef = 387728B91F4D84840026BCD9 /* Assets.xcassets */; };
		387728BD1F4D84840026BCD9 /* LaunchScreen.storyboard in Resources */ = {isa = PBXBuildFile; fileRef = 387728BB1F4D84840026BCD9 /* LaunchScreen.storyboard */; };
		387728C81F4D84840026BCD9 /* WhereisDoraTests.swift in Sources */ = {isa = PBXBuildFile; fileRef = 387728C71F4D84840026BCD9 /* WhereisDoraTests.swift */; };
		387728D31F4D84840026BCD9 /* WhereisDoraUITests.swift in Sources */ = {isa = PBXBuildFile; fileRef = 387728D21F4D84840026BCD9 /* WhereisDoraUITests.swift */; };
/* End PBXBuildFile section */

/* Begin PBXContainerItemProxy section */
		387728C41F4D84840026BCD9 /* PBXContainerItemProxy */ = {
			isa = PBXContainerItemProxy;
			containerPortal = 387728A31F4D84840026BCD9 /* Project object */;
			proxyType = 1;
			remoteGlobalIDString = 387728AA1F4D84840026BCD9;
			remoteInfo = WhereisDora;
		};
		387728CF1F4D84840026BCD9 /* PBXContainerItemProxy */ = {
			isa = PBXContainerItemProxy;
			containerPortal = 387728A31F4D84840026BCD9 /* Project object */;
			proxyType = 1;
			remoteGlobalIDString = 387728AA1F4D84840026BCD9;
			remoteInfo = WhereisDora;
		};
/* End PBXContainerItemProxy section */

/* Begin PBXFileReference section */
		387728AB1F4D84840026BCD9 /* WhereisDora.app */ = {isa = PBXFileReference; explicitFileType = wrapper.application; includeInIndex = 0; path = WhereisDora.app; sourceTree = BUILT_PRODUCTS_DIR; };
		387728AE1F4D84840026BCD9 /* AppDelegate.swift */ = {isa = PBXFileReference; lastKnownFileType = sourcecode.swift; path = AppDelegate.swift; sourceTree = "<group>"; };
		387728B01F4D84840026BCD9 /* Scene.sks */ = {isa = PBXFileReference; lastKnownFileType = file.sks; path = Scene.sks; sourceTree = "<group>"; };
		387728B21F4D84840026BCD9 /* Scene.swift */ = {isa = PBXFileReference; lastKnownFileType = sourcecode.swift; path = Scene.swift; sourceTree = "<group>"; };
		387728B41F4D84840026BCD9 /* ViewController.swift */ = {isa = PBXFileReference; lastKnownFileType = sourcecode.swift; path = ViewController.swift; sourceTree = "<group>"; };
		387728B71F4D84840026BCD9 /* Base */ = {isa = PBXFileReference; lastKnownFileType = file.storyboard; name = Base; path = Base.lproj/Main.storyboard; sourceTree = "<group>"; };
		387728B91F4D84840026BCD9 /* Assets.xcassets */ = {isa = PBXFileReference; lastKnownFileType = folder.assetcatalog; path = Assets.xcassets; sourceTree = "<group>"; };
		387728BC1F4D84840026BCD9 /* Base */ = {isa = PBXFileReference; lastKnownFileType = file.storyboard; name = Base; path = Base.lproj/LaunchScreen.storyboard; sourceTree = "<group>"; };
		387728BE1F4D84840026BCD9 /* Info.plist */ = {isa = PBXFileReference; lastKnownFileType = text.plist.xml; path = Info.plist; sourceTree = "<group>"; };
		387728C31F4D84840026BCD9 /* WhereisDoraTests.xctest */ = {isa = PBXFileReference; explicitFileType = wrapper.cfbundle; includeInIndex = 0; path = WhereisDoraTests.xctest; sourceTree = BUILT_PRODUCTS_DIR; };
		387728C71F4D84840026BCD9 /* WhereisDoraTests.swift */ = {isa = PBXFileReference; lastKnownFileType = sourcecode.swift; path = WhereisDoraTests.swift; sourceTree = "<group>"; };
		387728C91F4D84840026BCD9 /* Info.plist */ = {isa = PBXFileReference; lastKnownFileType = text.plist.xml; path = Info.plist; sourceTree = "<group>"; };
		387728CE1F4D84840026BCD9 /* WhereisDoraUITests.xctest */ = {isa = PBXFileReference; explicitFileType = wrapper.cfbundle; includeInIndex = 0; path = WhereisDoraUITests.xctest; sourceTree = BUILT_PRODUCTS_DIR; };
		387728D21F4D84840026BCD9 /* WhereisDoraUITests.swift */ = {isa = PBXFileReference; lastKnownFileType = sourcecode.swift; path = WhereisDoraUITests.swift; sourceTree = "<group>"; };
		387728D41F4D84840026BCD9 /* Info.plist */ = {isa = PBXFileReference; lastKnownFileType = text.plist.xml; path = Info.plist; sourceTree = "<group>"; };
/* End PBXFileReference section */

/* Begin PBXFrameworksBuildPhase section */
		387728A81F4D84840026BCD9 /* Frameworks */ = {
			isa = PBXFrameworksBuildPhase;
			buildActionMask = 2147483647;
			files = (
			);
			runOnlyForDeploymentPostprocessing = 0;
		};
		387728C01F4D84840026BCD9 /* Frameworks */ = {
			isa = PBXFrameworksBuildPhase;
			buildActionMask = 2147483647;
			files = (
			);
			runOnlyForDeploymentPostprocessing = 0;
		};
		387728CB1F4D84840026BCD9 /* Frameworks */ = {
			isa = PBXFrameworksBuildPhase;
			buildActionMask = 2147483647;
			files = (
			);
			runOnlyForDeploymentPostprocessing = 0;
		};
/* End PBXFrameworksBuildPhase section */

/* Begin PBXGroup section */
		387728A21F4D84840026BCD9 = {
			isa = PBXGroup;
			children = (
				387728AD1F4D84840026BCD9 /* WhereisDora */,
				387728C61F4D84840026BCD9 /* WhereisDoraTests */,
				387728D11F4D84840026BCD9 /* WhereisDoraUITests */,
				387728AC1F4D84840026BCD9 /* Products */,
			);
			sourceTree = "<group>";
		};
		387728AC1F4D84840026BCD9 /* Products */ = {
			isa = PBXGroup;
			children = (
				387728AB1F4D84840026BCD9 /* WhereisDora.app */,
				387728C31F4D84840026BCD9 /* WhereisDoraTests.xctest */,
				387728CE1F4D84840026BCD9 /* WhereisDoraUITests.xctest */,
			);
			name = Products;
			sourceTree = "<group>";
		};
		387728AD1F4D84840026BCD9 /* WhereisDora */ = {
			isa = PBXGroup;
			children = (
				387728AE1F4D84840026BCD9 /* AppDelegate.swift */,
				387728B01F4D84840026BCD9 /* Scene.sks */,
				387728B21F4D84840026BCD9 /* Scene.swift */,
				387728B41F4D84840026BCD9 /* ViewController.swift */,
				387728B61F4D84840026BCD9 /* Main.storyboard */,
				387728B91F4D84840026BCD9 /* Assets.xcassets */,
				387728BB1F4D84840026BCD9 /* LaunchScreen.storyboard */,
				387728BE1F4D84840026BCD9 /* Info.plist */,
			);
			path = WhereisDora;
			sourceTree = "<group>";
		};
		387728C61F4D84840026BCD9 /* WhereisDoraTests */ = {
			isa = PBXGroup;
			children = (
				387728C71F4D84840026BCD9 /* WhereisDoraTests.swift */,
				387728C91F4D84840026BCD9 /* Info.plist */,
			);
			path = WhereisDoraTests;
			sourceTree = "<group>";
		};
		387728D11F4D84840026BCD9 /* WhereisDoraUITests */ = {
			isa = PBXGroup;
			children = (
				387728D21F4D84840026BCD9 /* WhereisDoraUITests.swift */,
				387728D41F4D84840026BCD9 /* Info.plist */,
			);
			path = WhereisDoraUITests;
			sourceTree = "<group>";
		};
/* End PBXGroup section */

/* Begin PBXNativeTarget section */
		387728AA1F4D84840026BCD9 /* WhereisDora */ = {
			isa = PBXNativeTarget;
			buildConfigurationList = 387728D71F4D84840026BCD9 /* Build configuration list for PBXNativeTarget "WhereisDora" */;
			buildPhases = (
				387728A71F4D84840026BCD9 /* Sources */,
				387728A81F4D84840026BCD9 /* Frameworks */,
				387728A91F4D84840026BCD9 /* Resources */,
			);
			buildRules = (
			);
			dependencies = (
			);
			name = WhereisDora;
			productName = WhereisDora;
			productReference = 387728AB1F4D84840026BCD9 /* WhereisDora.app */;
			productType = "com.apple.product-type.application";
		};
		387728C21F4D84840026BCD9 /* WhereisDoraTests */ = {
			isa = PBXNativeTarget;
			buildConfigurationList = 387728DA1F4D84840026BCD9 /* Build configuration list for PBXNativeTarget "WhereisDoraTests" */;
			buildPhases = (
				387728BF1F4D84840026BCD9 /* Sources */,
				387728C01F4D84840026BCD9 /* Frameworks */,
				387728C11F4D84840026BCD9 /* Resources */,
			);
			buildRules = (
			);
			dependencies = (
				387728C51F4D84840026BCD9 /* PBXTargetDependency */,
			);
			name = WhereisDoraTests;
			productName = WhereisDoraTests;
			productReference = 387728C31F4D84840026BCD9 /* WhereisDoraTests.xctest */;
			productType = "com.apple.product-type.bundle.unit-test";
		};
		387728CD1F4D84840026BCD9 /* WhereisDoraUITests */ = {
			isa = PBXNativeTarget;
			buildConfigurationList = 387728DD1F4D84840026BCD9 /* Build configuration list for PBXNativeTarget "WhereisDoraUITests" */;
			buildPhases = (
				387728CA1F4D84840026BCD9 /* Sources */,
				387728CB1F4D84840026BCD9 /* Frameworks */,
				387728CC1F4D84840026BCD9 /* Resources */,
			);
			buildRules = (
			);
			dependencies = (
				387728D01F4D84840026BCD9 /* PBXTargetDependency */,
			);
			name = WhereisDoraUITests;
			productName = WhereisDoraUITests;
			productReference = 387728CE1F4D84840026BCD9 /* WhereisDoraUITests.xctest */;
			productType = "com.apple.product-type.bundle.ui-testing";
		};
/* End PBXNativeTarget section */

/* Begin PBXProject section */
		387728A31F4D84840026BCD9 /* Project object */ = {
			isa = PBXProject;
			attributes = {
				LastSwiftUpdateCheck = 0900;
				LastUpgradeCheck = 0900;
				ORGANIZATIONNAME = "黄少华";
				TargetAttributes = {
					387728AA1F4D84840026BCD9 = {
						CreatedOnToolsVersion = 9.0;
					};
					387728C21F4D84840026BCD9 = {
						CreatedOnToolsVersion = 9.0;
						TestTargetID = 387728AA1F4D84840026BCD9;
					};
					387728CD1F4D84840026BCD9 = {
						CreatedOnToolsVersion = 9.0;
						TestTargetID = 387728AA1F4D84840026BCD9;
					};
				};
			};
			buildConfigurationList = 387728A61F4D84840026BCD9 /* Build configuration list for PBXProject "WhereisDora" */;
			compatibilityVersion = "Xcode 8.0";
			developmentRegion = en;
			hasScannedForEncodings = 0;
			knownRegions = (
				en,
				Base,
			);
			mainGroup = 387728A21F4D84840026BCD9;
			productRefGroup = 387728AC1F4D84840026BCD9 /* Products */;
			projectDirPath = "";
			projectRoot = "";
			targets = (
				387728AA1F4D84840026BCD9 /* WhereisDora */,
				387728C21F4D84840026BCD9 /* WhereisDoraTests */,
				387728CD1F4D84840026BCD9 /* WhereisDoraUITests */,
			);
		};
/* End PBXProject section */

/* Begin PBXResourcesBuildPhase section */
		387728A91F4D84840026BCD9 /* Resources */ = {
			isa = PBXResourcesBuildPhase;
			buildActionMask = 2147483647;
			files = (
				387728B11F4D84840026BCD9 /* Scene.sks in Resources */,
				387728BD1F4D84840026BCD9 /* LaunchScreen.storyboard in Resources */,
				387728BA1F4D84840026BCD9 /* Assets.xcassets in Resources */,
				387728B81F4D84840026BCD9 /* Main.storyboard in Resources */,
			);
			runOnlyForDeploymentPostprocessing = 0;
		};
		387728C11F4D84840026BCD9 /* Resources */ = {
			isa = PBXResourcesBuildPhase;
			buildActionMask = 2147483647;
			files = (
			);
			runOnlyForDeploymentPostprocessing = 0;
		};
		387728CC1F4D84840026BCD9 /* Resources */ = {
			isa = PBXResourcesBuildPhase;
			buildActionMask = 2147483647;
			files = (
			);
			runOnlyForDeploymentPostprocessing = 0;
		};
/* End PBXResourcesBuildPhase section */

/* Begin PBXSourcesBuildPhase section */
		387728A71F4D84840026BCD9 /* Sources */ = {
			isa = PBXSourcesBuildPhase;
			buildActionMask = 2147483647;
			files = (
				387728B51F4D84840026BCD9 /* ViewController.swift in Sources */,
				387728B31F4D84840026BCD9 /* Scene.swift in Sources */,
				387728AF1F4D84840026BCD9 /* AppDelegate.swift in Sources */,
			);
			runOnlyForDeploymentPostprocessing = 0;
		};
		387728BF1F4D84840026BCD9 /* Sources */ = {
			isa = PBXSourcesBuildPhase;
			buildActionMask = 2147483647;
			files = (
				387728C81F4D84840026BCD9 /* WhereisDoraTests.swift in Sources */,
			);
			runOnlyForDeploymentPostprocessing = 0;
		};
		387728CA1F4D84840026BCD9 /* Sources */ = {
			isa = PBXSourcesBuildPhase;
			buildActionMask = 2147483647;
			files = (
				387728D31F4D84840026BCD9 /* WhereisDoraUITests.swift in Sources */,
			);
			runOnlyForDeploymentPostprocessing = 0;
		};
/* End PBXSourcesBuildPhase section */

/* Begin PBXTargetDependency section */
		387728C51F4D84840026BCD9 /* PBXTargetDependency */ = {
			isa = PBXTargetDependency;
			target = 387728AA1F4D84840026BCD9 /* WhereisDora */;
			targetProxy = 387728C41F4D84840026BCD9 /* PBXContainerItemProxy */;
		};
		387728D01F4D84840026BCD9 /* PBXTargetDependency */ = {
			isa = PBXTargetDependency;
			target = 387728AA1F4D84840026BCD9 /* WhereisDora */;
			targetProxy = 387728CF1F4D84840026BCD9 /* PBXContainerItemProxy */;
		};
/* End PBXTargetDependency section */

/* Begin PBXVariantGroup section */
		387728B61F4D84840026BCD9 /* Main.storyboard */ = {
			isa = PBXVariantGroup;
			children = (
				387728B71F4D84840026BCD9 /* Base */,
			);
			name = Main.storyboard;
			sourceTree = "<group>";
		};
		387728BB1F4D84840026BCD9 /* LaunchScreen.storyboard */ = {
			isa = PBXVariantGroup;
			children = (
				387728BC1F4D84840026BCD9 /* Base */,
			);
			name = LaunchScreen.storyboard;
			sourceTree = "<group>";
		};
/* End PBXVariantGroup section */

/* Begin XCBuildConfiguration section */
		387728D51F4D84840026BCD9 /* Debug */ = {
			isa = XCBuildConfiguration;
			buildSettings = {
				ALWAYS_SEARCH_USER_PATHS = NO;
				CLANG_ANALYZER_NONNULL = YES;
				CLANG_ANALYZER_NUMBER_OBJECT_CONVERSION = YES_AGGRESSIVE;
				CLANG_CXX_LANGUAGE_STANDARD = "gnu++14";
				CLANG_CXX_LIBRARY = "libc++";
				CLANG_ENABLE_MODULES = YES;
				CLANG_ENABLE_OBJC_ARC = YES;
				CLANG_WARN_BLOCK_CAPTURE_AUTORELEASING = YES;
				CLANG_WARN_BOOL_CONVERSION = YES;
				CLANG_WARN_COMMA = YES;
				CLANG_WARN_CONSTANT_CONVERSION = YES;
				CLANG_WARN_DIRECT_OBJC_ISA_USAGE = YES_ERROR;
				CLANG_WARN_DOCUMENTATION_COMMENTS = YES;
				CLANG_WARN_EMPTY_BODY = YES;
				CLANG_WARN_ENUM_CONVERSION = YES;
				CLANG_WARN_INFINITE_RECURSION = YES;
				CLANG_WARN_INT_CONVERSION = YES;
				CLANG_WARN_OBJC_ROOT_CLASS = YES_ERROR;
				CLANG_WARN_RANGE_LOOP_ANALYSIS = YES;
				CLANG_WARN_STRICT_PROTOTYPES = YES;
				CLANG_WARN_SUSPICIOUS_MOVE = YES;
				CLANG_WARN_UNGUARDED_AVAILABILITY = YES_AGGRESSIVE;
				CLANG_WARN_UNREACHABLE_CODE = YES;
				CLANG_WARN__DUPLICATE_METHOD_MATCH = YES;
				CODE_SIGN_IDENTITY = "iPhone Developer";
				COPY_PHASE_STRIP = NO;
				DEBUG_INFORMATION_FORMAT = dwarf;
				ENABLE_STRICT_OBJC_MSGSEND = YES;
				ENABLE_TESTABILITY = YES;
				GCC_C_LANGUAGE_STANDARD = gnu11;
				GCC_DYNAMIC_NO_PIC = NO;
				GCC_NO_COMMON_BLOCKS = YES;
				GCC_OPTIMIZATION_LEVEL = 0;
				GCC_PREPROCESSOR_DEFINITIONS = (
					"DEBUG=1",
					"$(inherited)",
				);
				GCC_WARN_64_TO_32_BIT_CONVERSION = YES;
				GCC_WARN_ABOUT_RETURN_TYPE = YES_ERROR;
				GCC_WARN_UNDECLARED_SELECTOR = YES;
				GCC_WARN_UNINITIALIZED_AUTOS = YES_AGGRESSIVE;
				GCC_WARN_UNUSED_FUNCTION = YES;
				GCC_WARN_UNUSED_VARIABLE = YES;
				IPHONEOS_DEPLOYMENT_TARGET = 11.0;
				MTL_ENABLE_DEBUG_INFO = YES;
				ONLY_ACTIVE_ARCH = YES;
				SDKROOT = iphoneos;
				SWIFT_ACTIVE_COMPILATION_CONDITIONS = DEBUG;
				SWIFT_OPTIMIZATION_LEVEL = "-Onone";
			};
			name = Debug;
		};
		387728D61F4D84840026BCD9 /* Release */ = {
			isa = XCBuildConfiguration;
			buildSettings = {
				ALWAYS_SEARCH_USER_PATHS = NO;
				CLANG_ANALYZER_NONNULL = YES;
				CLANG_ANALYZER_NUMBER_OBJECT_CONVERSION = YES_AGGRESSIVE;
				CLANG_CXX_LANGUAGE_STANDARD = "gnu++14";
				CLANG_CXX_LIBRARY = "libc++";
				CLANG_ENABLE_MODULES = YES;
				CLANG_ENABLE_OBJC_ARC = YES;
				CLANG_WARN_BLOCK_CAPTURE_AUTORELEASING = YES;
				CLANG_WARN_BOOL_CONVERSION = YES;
				CLANG_WARN_COMMA = YES;
				CLANG_WARN_CONSTANT_CONVERSION = YES;
				CLANG_WARN_DIRECT_OBJC_ISA_USAGE = YES_ERROR;
				CLANG_WARN_DOCUMENTATION_COMMENTS = YES;
				CLANG_WARN_EMPTY_BODY = YES;
				CLANG_WARN_ENUM_CONVERSION = YES;
				CLANG_WARN_INFINITE_RECURSION = YES;
				CLANG_WARN_INT_CONVERSION = YES;
				CLANG_WARN_OBJC_ROOT_CLASS = YES_ERROR;
				CLANG_WARN_RANGE_LOOP_ANALYSIS = YES;
				CLANG_WARN_STRICT_PROTOTYPES = YES;
				CLANG_WARN_SUSPICIOUS_MOVE = YES;
				CLANG_WARN_UNGUARDED_AVAILABILITY = YES_AGGRESSIVE;
				CLANG_WARN_UNREACHABLE_CODE = YES;
				CLANG_WARN__DUPLICATE_METHOD_MATCH = YES;
				CODE_SIGN_IDENTITY = "iPhone Developer";
				COPY_PHASE_STRIP = NO;
				DEBUG_INFORMATION_FORMAT = "dwarf-with-dsym";
				ENABLE_NS_ASSERTIONS = NO;
				ENABLE_STRICT_OBJC_MSGSEND = YES;
				GCC_C_LANGUAGE_STANDARD = gnu11;
				GCC_NO_COMMON_BLOCKS = YES;
				GCC_WARN_64_TO_32_BIT_CONVERSION = YES;
				GCC_WARN_ABOUT_RETURN_TYPE = YES_ERROR;
				GCC_WARN_UNDECLARED_SELECTOR = YES;
				GCC_WARN_UNINITIALIZED_AUTOS = YES_AGGRESSIVE;
				GCC_WARN_UNUSED_FUNCTION = YES;
				GCC_WARN_UNUSED_VARIABLE = YES;
				IPHONEOS_DEPLOYMENT_TARGET = 11.0;
				MTL_ENABLE_DEBUG_INFO = NO;
				SDKROOT = iphoneos;
				SWIFT_OPTIMIZATION_LEVEL = "-Owholemodule";
				VALIDATE_PRODUCT = YES;
			};
			name = Release;
		};
		387728D81F4D84840026BCD9 /* Debug */ = {
			isa = XCBuildConfiguration;
			buildSettings = {
				ASSETCATALOG_COMPILER_APPICON_NAME = AppIcon;
				DEVELOPMENT_TEAM = 8K2425JJPA;
				INFOPLIST_FILE = WhereisDora/Info.plist;
				LD_RUNPATH_SEARCH_PATHS = "$(inherited) @executable_path/Frameworks";
				PRODUCT_BUNDLE_IDENTIFIER = ihangmei.WhereisDora;
				PRODUCT_NAME = "$(TARGET_NAME)";
				SWIFT_VERSION = 4.0;
				TARGETED_DEVICE_FAMILY = "1,2";
			};
			name = Debug;
		};
		387728D91F4D84840026BCD9 /* Release */ = {
			isa = XCBuildConfiguration;
			buildSettings = {
				ASSETCATALOG_COMPILER_APPICON_NAME = AppIcon;
				DEVELOPMENT_TEAM = 8K2425JJPA;
				INFOPLIST_FILE = WhereisDora/Info.plist;
				LD_RUNPATH_SEARCH_PATHS = "$(inherited) @executable_path/Frameworks";
				PRODUCT_BUNDLE_IDENTIFIER = ihangmei.WhereisDora;
				PRODUCT_NAME = "$(TARGET_NAME)";
				SWIFT_VERSION = 4.0;
				TARGETED_DEVICE_FAMILY = "1,2";
			};
			name = Release;
		};
		387728DB1F4D84840026BCD9 /* Debug */ = {
			isa = XCBuildConfiguration;
			buildSettings = {
				ALWAYS_EMBED_SWIFT_STANDARD_LIBRARIES = YES;
				BUNDLE_LOADER = "$(TEST_HOST)";
				DEVELOPMENT_TEAM = 8K2425JJPA;
				INFOPLIST_FILE = WhereisDoraTests/Info.plist;
				LD_RUNPATH_SEARCH_PATHS = "$(inherited) @executable_path/Frameworks @loader_path/Frameworks";
				PRODUCT_BUNDLE_IDENTIFIER = ihangmei.WhereisDoraTests;
				PRODUCT_NAME = "$(TARGET_NAME)";
				SWIFT_VERSION = 4.0;
				TARGETED_DEVICE_FAMILY = "1,2";
				TEST_HOST = "$(BUILT_PRODUCTS_DIR)/WhereisDora.app/WhereisDora";
			};
			name = Debug;
		};
		387728DC1F4D84840026BCD9 /* Release */ = {
			isa = XCBuildConfiguration;
			buildSettings = {
				ALWAYS_EMBED_SWIFT_STANDARD_LIBRARIES = YES;
				BUNDLE_LOADER = "$(TEST_HOST)";
				DEVELOPMENT_TEAM = 8K2425JJPA;
				INFOPLIST_FILE = WhereisDoraTests/Info.plist;
				LD_RUNPATH_SEARCH_PATHS = "$(inherited) @executable_path/Frameworks @loader_path/Frameworks";
				PRODUCT_BUNDLE_IDENTIFIER = ihangmei.WhereisDoraTests;
				PRODUCT_NAME = "$(TARGET_NAME)";
				SWIFT_VERSION = 4.0;
				TARGETED_DEVICE_FAMILY = "1,2";
				TEST_HOST = "$(BUILT_PRODUCTS_DIR)/WhereisDora.app/WhereisDora";
			};
			name = Release;
		};
		387728DE1F4D84840026BCD9 /* Debug */ = {
			isa = XCBuildConfiguration;
			buildSettings = {
				ALWAYS_EMBED_SWIFT_STANDARD_LIBRARIES = YES;
				DEVELOPMENT_TEAM = 8K2425JJPA;
				INFOPLIST_FILE = WhereisDoraUITests/Info.plist;
				LD_RUNPATH_SEARCH_PATHS = "$(inherited) @executable_path/Frameworks @loader_path/Frameworks";
				PRODUCT_BUNDLE_IDENTIFIER = ihangmei.WhereisDoraUITests;
				PRODUCT_NAME = "$(TARGET_NAME)";
				SWIFT_VERSION = 4.0;
				TARGETED_DEVICE_FAMILY = "1,2";
				TEST_TARGET_NAME = WhereisDora;
			};
			name = Debug;
		};
		387728DF1F4D84840026BCD9 /* Release */ = {
			isa = XCBuildConfiguration;
			buildSettings = {
				ALWAYS_EMBED_SWIFT_STANDARD_LIBRARIES = YES;
				DEVELOPMENT_TEAM = 8K2425JJPA;
				INFOPLIST_FILE = WhereisDoraUITests/Info.plist;
				LD_RUNPATH_SEARCH_PATHS = "$(inherited) @executable_path/Frameworks @loader_path/Frameworks";
				PRODUCT_BUNDLE_IDENTIFIER = ihangmei.WhereisDoraUITests;
				PRODUCT_NAME = "$(TARGET_NAME)";
				SWIFT_VERSION = 4.0;
				TARGETED_DEVICE_FAMILY = "1,2";
				TEST_TARGET_NAME = WhereisDora;
			};
			name = Release;
		};
/* End XCBuildConfiguration section */

/* Begin XCConfigurationList section */
		387728A61F4D84840026BCD9 /* Build configuration list for PBXProject "WhereisDora" */ = {
			isa = XCConfigurationList;
			buildConfigurations = (
				387728D51F4D84840026BCD9 /* Debug */,
				387728D61F4D84840026BCD9 /* Release */,
			);
			defaultConfigurationIsVisible = 0;
			defaultConfigurationName = Release;
		};
		387728D71F4D84840026BCD9 /* Build configuration list for PBXNativeTarget "WhereisDora" */ = {
			isa = XCConfigurationList;
			buildConfigurations = (
				387728D81F4D84840026BCD9 /* Debug */,
				387728D91F4D84840026BCD9 /* Release */,
			);
			defaultConfigurationIsVisible = 0;
		};
		387728DA1F4D84840026BCD9 /* Build configuration list for PBXNativeTarget "WhereisDoraTests" */ = {
			isa = XCConfigurationList;
			buildConfigurations = (
				387728DB1F4D84840026BCD9 /* Debug */,
				387728DC1F4D84840026BCD9 /* Release */,
			);
			defaultConfigurationIsVisible = 0;
		};
		387728DD1F4D84840026BCD9 /* Build configuration list for PBXNativeTarget "WhereisDoraUITests" */ = {
			isa = XCConfigurationList;
			buildConfigurations = (
				387728DE1F4D84840026BCD9 /* Debug */,
				387728DF1F4D84840026BCD9 /* Release */,
			);
			defaultConfigurationIsVisible = 0;
		};
/* End XCConfigurationList section */
	};
	rootObject = 387728A31F4D84840026BCD9 /* Project object */;
}
